// !$*UTF8*$!
{
	archiveVersion = 1;
	classes = {
	};
	objectVersion = 50;
	objects = {

/* Begin PBXBuildFile section */
		350AF6D925E02D5E0000F698 /* WelcomeView.swift in Sources */ = {isa = PBXBuildFile; fileRef = 350AF6D825E02D5E0000F698 /* WelcomeView.swift */; };
		350AF6E425E035840000F698 /* WelcomeFeatureView.swift in Sources */ = {isa = PBXBuildFile; fileRef = 350AF6E325E035840000F698 /* WelcomeFeatureView.swift */; };
		350AF6ED25E0365A0000F698 /* UIImage+Badge.swift in Sources */ = {isa = PBXBuildFile; fileRef = 350AF6EC25E0365A0000F698 /* UIImage+Badge.swift */; };
		35868D2825E03F090028AF1D /* WelcomeViewPresenter.swift in Sources */ = {isa = PBXBuildFile; fileRef = 35868D2725E03F090028AF1D /* WelcomeViewPresenter.swift */; };
		35EAFB7925CC9E3B00DCFE10 /* Networking.m in Sources */ = {isa = PBXBuildFile; fileRef = 35EAFB7825CC9E3B00DCFE10 /* Networking.m */; };
		DE3EBACC25E048CE00DA1E0D /* Button.swift in Sources */ = {isa = PBXBuildFile; fileRef = DE3EBACB25E048CE00DA1E0D /* Button.swift */; };
		DECA256C25CC8D4200851431 /* AppDelegate.swift in Sources */ = {isa = PBXBuildFile; fileRef = DECA256B25CC8D4200851431 /* AppDelegate.swift */; };
		DECA257025CC8D4200851431 /* WelcomeViewController.swift in Sources */ = {isa = PBXBuildFile; fileRef = DECA256F25CC8D4200851431 /* WelcomeViewController.swift */; };
		DECA257525CC8D4300851431 /* Assets.xcassets in Resources */ = {isa = PBXBuildFile; fileRef = DECA257425CC8D4300851431 /* Assets.xcassets */; };
		DECA257825CC8D4300851431 /* LaunchScreen.storyboard in Resources */ = {isa = PBXBuildFile; fileRef = DECA257625CC8D4300851431 /* LaunchScreen.storyboard */; };
		DEED7FCE25CC975D00BA0CDB /* Localizable.strings in Resources */ = {isa = PBXBuildFile; fileRef = DEED7FD025CC975D00BA0CDB /* Localizable.strings */; };
		FF0FDF69263A2E1C0007503F /* LocalCache.xcdatamodeld in Sources */ = {isa = PBXBuildFile; fileRef = FF0FDF67263A2E1C0007503F /* LocalCache.xcdatamodeld */; };
		FF0FDF6E263A2E2A0007503F /* LocalCache.swift in Sources */ = {isa = PBXBuildFile; fileRef = FF0FDF6D263A2E2A0007503F /* LocalCache.swift */; };
		FF0FDF74263B65D50007503F /* Reachability.m in Sources */ = {isa = PBXBuildFile; fileRef = FF0FDF73263B65D50007503F /* Reachability.m */; };
		FF0FDF7D263B66410007503F /* SwiftReachability.swift in Sources */ = {isa = PBXBuildFile; fileRef = FF0FDF7C263B66410007503F /* SwiftReachability.swift */; };
		FF0FDF8E263B7FB10007503F /* Endpoint.swift in Sources */ = {isa = PBXBuildFile; fileRef = FF0FDF8D263B7FB10007503F /* Endpoint.swift */; };
		FF0FDF9B263B90C60007503F /* EndpointParameter.swift in Sources */ = {isa = PBXBuildFile; fileRef = FF0FDF9A263B90C60007503F /* EndpointParameter.swift */; };
		FF0FDFA3263B93E00007503F /* LocalCacheDiff.swift in Sources */ = {isa = PBXBuildFile; fileRef = FF0FDFA2263B93E00007503F /* LocalCacheDiff.swift */; };
		FF0FDFB0263B96CB0007503F /* ItemsLocalCache.swift in Sources */ = {isa = PBXBuildFile; fileRef = FF0FDFAF263B96CB0007503F /* ItemsLocalCache.swift */; };
		FF0FDFB5263B986A0007503F /* DiffLocalCache.swift in Sources */ = {isa = PBXBuildFile; fileRef = FF0FDFB4263B986A0007503F /* DiffLocalCache.swift */; };
		FF164DCC2636289100EDD69E /* AddItemViewDelegate.swift in Sources */ = {isa = PBXBuildFile; fileRef = FF164DCB2636289100EDD69E /* AddItemViewDelegate.swift */; };
		FF164DD226362E8000EDD69E /* AddItemExamplesViewController.swift in Sources */ = {isa = PBXBuildFile; fileRef = FF164DD126362E8000EDD69E /* AddItemExamplesViewController.swift */; };
		FF164DDA26362FC000EDD69E /* AddItemExamplesDelegate.swift in Sources */ = {isa = PBXBuildFile; fileRef = FF164DD926362FC000EDD69E /* AddItemExamplesDelegate.swift */; };
		FF164DE0263630EA00EDD69E /* AddItemTableViewCell.swift in Sources */ = {isa = PBXBuildFile; fileRef = FF164DDF263630EA00EDD69E /* AddItemTableViewCell.swift */; };
		FF164DE82636310F00EDD69E /* Reusable.swift in Sources */ = {isa = PBXBuildFile; fileRef = FF164DE72636310F00EDD69E /* Reusable.swift */; };
		FF164DEE2636427700EDD69E /* AddItemExamplesTableViewDataSource.swift in Sources */ = {isa = PBXBuildFile; fileRef = FF164DED2636427700EDD69E /* AddItemExamplesTableViewDataSource.swift */; };
		FF164DF62636537E00EDD69E /* SwiftNetworking.swift in Sources */ = {isa = PBXBuildFile; fileRef = FF164DF52636537E00EDD69E /* SwiftNetworking.swift */; };
		FF164E002637824F00EDD69E /* MainViewItemCell.swift in Sources */ = {isa = PBXBuildFile; fileRef = FF164DFF2637824F00EDD69E /* MainViewItemCell.swift */; };
		FF33E834263D0D2200119E91 /* BarProviderMock.swift in Sources */ = {isa = PBXBuildFile; fileRef = FF33E833263D0D2200119E91 /* BarProviderMock.swift */; };
		FF33E841263D0F3C00119E91 /* MainNavigationControllerTests.swift in Sources */ = {isa = PBXBuildFile; fileRef = FFC425FB263D0A7500D81045 /* MainNavigationControllerTests.swift */; };
		FF33E84F263DFDDA00119E91 /* ReachabilityMock.swift in Sources */ = {isa = PBXBuildFile; fileRef = FF33E84E263DFDDA00119E91 /* ReachabilityMock.swift */; };
		FF8131A126378BED003BF7BB /* MainErrorView.swift in Sources */ = {isa = PBXBuildFile; fileRef = FF8131A026378BED003BF7BB /* MainErrorView.swift */; };
		FF8131A62637C8EC003BF7BB /* MainTableViewDelegate.swift in Sources */ = {isa = PBXBuildFile; fileRef = FF8131A52637C8EC003BF7BB /* MainTableViewDelegate.swift */; };
		FF8131AB2637D2D9003BF7BB /* MainViewItemCellDelegate.swift in Sources */ = {isa = PBXBuildFile; fileRef = FF8131AA2637D2D9003BF7BB /* MainViewItemCellDelegate.swift */; };
		FF93D8B02634C522000B5361 /* MainViewControllerPresenter.swift in Sources */ = {isa = PBXBuildFile; fileRef = FF93D8AF2634C522000B5361 /* MainViewControllerPresenter.swift */; };
		FF93D8B62634C56A000B5361 /* Item.swift in Sources */ = {isa = PBXBuildFile; fileRef = FF93D8B52634C56A000B5361 /* Item.swift */; };
		FF93D8C52634C6AB000B5361 /* ItemCategory.swift in Sources */ = {isa = PBXBuildFile; fileRef = FF93D8C42634C6AB000B5361 /* ItemCategory.swift */; };
		FF93D8CA2634C7C3000B5361 /* String+Localizable.swift in Sources */ = {isa = PBXBuildFile; fileRef = FF93D8C92634C7C3000B5361 /* String+Localizable.swift */; };
		FF93D8CF2634C7E9000B5361 /* GlobalConstants.swift in Sources */ = {isa = PBXBuildFile; fileRef = FF93D8CE2634C7E9000B5361 /* GlobalConstants.swift */; };
		FF93D8DB2634CB4F000B5361 /* MainPresenter.swift in Sources */ = {isa = PBXBuildFile; fileRef = FF93D8DA2634CB4F000B5361 /* MainPresenter.swift */; };
		FF93D8E32634CC06000B5361 /* MainViewDisplay.swift in Sources */ = {isa = PBXBuildFile; fileRef = FF93D8E22634CC06000B5361 /* MainViewDisplay.swift */; };
		FF93D8E92634DF14000B5361 /* MainTableViewDataSource.swift in Sources */ = {isa = PBXBuildFile; fileRef = FF93D8E82634DF14000B5361 /* MainTableViewDataSource.swift */; };
		FF93D8F22634E4BE000B5361 /* AddItemViewController.swift in Sources */ = {isa = PBXBuildFile; fileRef = FF93D8F12634E4BD000B5361 /* AddItemViewController.swift */; };
		FF93D8F82634E544000B5361 /* AddItemPresenter.swift in Sources */ = {isa = PBXBuildFile; fileRef = FF93D8F72634E544000B5361 /* AddItemPresenter.swift */; };
		FF93D9002634E578000B5361 /* AddItemViewDisplay.swift in Sources */ = {isa = PBXBuildFile; fileRef = FF93D8FF2634E578000B5361 /* AddItemViewDisplay.swift */; };
		FF93D9082634E5E9000B5361 /* AddItemViewControllerPresenter.swift in Sources */ = {isa = PBXBuildFile; fileRef = FF93D9072634E5E9000B5361 /* AddItemViewControllerPresenter.swift */; };
		FF93D9122634F597000B5361 /* ProgressIndicatorTextField.swift in Sources */ = {isa = PBXBuildFile; fileRef = FF93D9112634F597000B5361 /* ProgressIndicatorTextField.swift */; };
		FF93D9222634F922000B5361 /* AddItemView.swift in Sources */ = {isa = PBXBuildFile; fileRef = FF93D9212634F922000B5361 /* AddItemView.swift */; };
		FF9FBE3C2638D63E00655141 /* AddItemViewControllerUseCase.swift in Sources */ = {isa = PBXBuildFile; fileRef = FF9FBE3B2638D63E00655141 /* AddItemViewControllerUseCase.swift */; };
		FF9FBE442638D8DE00655141 /* MainViewControllerUseCase.swift in Sources */ = {isa = PBXBuildFile; fileRef = FF9FBE432638D8DE00655141 /* MainViewControllerUseCase.swift */; };
		FF9FBE492639131200655141 /* AddItemCollectionViewCell.swift in Sources */ = {isa = PBXBuildFile; fileRef = FF9FBE482639131200655141 /* AddItemCollectionViewCell.swift */; };
		FF9FBE4E263917C900655141 /* AddItemExamplesTableViewDelegate.swift in Sources */ = {isa = PBXBuildFile; fileRef = FF9FBE4D263917C900655141 /* AddItemExamplesTableViewDelegate.swift */; };
		FFC425CD263C95CD00D81045 /* UIViewController+Alert.swift in Sources */ = {isa = PBXBuildFile; fileRef = FFC425CC263C95CD00D81045 /* UIViewController+Alert.swift */; };
		FFC425D2263CB6AD00D81045 /* String+ShareActivity.swift in Sources */ = {isa = PBXBuildFile; fileRef = FFC425D1263CB6AD00D81045 /* String+ShareActivity.swift */; };
		FFC425DA263CC41700D81045 /* README.md in Resources */ = {isa = PBXBuildFile; fileRef = FFC425D9263CC41700D81045 /* README.md */; };
		FFCAEF56263E386F00111635 /* SwiftReachabilityTests.swift in Sources */ = {isa = PBXBuildFile; fileRef = FFCAEF55263E386F00111635 /* SwiftReachabilityTests.swift */; };
		FFCAEF5A263E3BC700111635 /* ItemsLocalCacheTests.swift in Sources */ = {isa = PBXBuildFile; fileRef = FFCAEF59263E3BC700111635 /* ItemsLocalCacheTests.swift */; };
		FFE576F42633AF9300BEE65E /* MainNavigationController.swift in Sources */ = {isa = PBXBuildFile; fileRef = FFE576F32633AF9300BEE65E /* MainNavigationController.swift */; };
		FFE576FD2633AFC900BEE65E /* TopBarProvider.swift in Sources */ = {isa = PBXBuildFile; fileRef = FFE576FC2633AFC900BEE65E /* TopBarProvider.swift */; };
		FFE577052633B13B00BEE65E /* BottomBarProvider.swift in Sources */ = {isa = PBXBuildFile; fileRef = FFE577042633B13B00BEE65E /* BottomBarProvider.swift */; };
		FFE577162633B28A00BEE65E /* MainViewController.swift in Sources */ = {isa = PBXBuildFile; fileRef = FFE577152633B28A00BEE65E /* MainViewController.swift */; };
		FFE5771B2633B62300BEE65E /* UIColor+Namespace.swift in Sources */ = {isa = PBXBuildFile; fileRef = FFE5771A2633B62300BEE65E /* UIColor+Namespace.swift */; };
		FFE577212633B8B600BEE65E /* Namespace.swift in Sources */ = {isa = PBXBuildFile; fileRef = FFE577202633B8B600BEE65E /* Namespace.swift */; };
/* End PBXBuildFile section */

/* Begin PBXContainerItemProxy section */
		DECA257F25CC8D4300851431 /* PBXContainerItemProxy */ = {
			isa = PBXContainerItemProxy;
			containerPortal = DECA256025CC8D4200851431 /* Project object */;
			proxyType = 1;
			remoteGlobalIDString = DECA256725CC8D4200851431;
			remoteInfo = Counters;
		};
/* End PBXContainerItemProxy section */

/* Begin PBXFileReference section */
		350AF6D825E02D5E0000F698 /* WelcomeView.swift */ = {isa = PBXFileReference; lastKnownFileType = sourcecode.swift; path = WelcomeView.swift; sourceTree = "<group>"; };
		350AF6E325E035840000F698 /* WelcomeFeatureView.swift */ = {isa = PBXFileReference; lastKnownFileType = sourcecode.swift; path = WelcomeFeatureView.swift; sourceTree = "<group>"; };
		350AF6EC25E0365A0000F698 /* UIImage+Badge.swift */ = {isa = PBXFileReference; lastKnownFileType = sourcecode.swift; path = "UIImage+Badge.swift"; sourceTree = "<group>"; };
		35868D2725E03F090028AF1D /* WelcomeViewPresenter.swift */ = {isa = PBXFileReference; lastKnownFileType = sourcecode.swift; path = WelcomeViewPresenter.swift; sourceTree = "<group>"; };
		35EAFB7625CC9E3A00DCFE10 /* Counters-Bridging-Header.h */ = {isa = PBXFileReference; lastKnownFileType = sourcecode.c.h; path = "Counters-Bridging-Header.h"; sourceTree = "<group>"; };
		35EAFB7725CC9E3B00DCFE10 /* Networking.h */ = {isa = PBXFileReference; fileEncoding = 4; lastKnownFileType = sourcecode.c.h; path = Networking.h; sourceTree = "<group>"; };
		35EAFB7825CC9E3B00DCFE10 /* Networking.m */ = {isa = PBXFileReference; fileEncoding = 4; lastKnownFileType = sourcecode.c.objc; path = Networking.m; sourceTree = "<group>"; };
		DE3EBACB25E048CE00DA1E0D /* Button.swift */ = {isa = PBXFileReference; lastKnownFileType = sourcecode.swift; path = Button.swift; sourceTree = "<group>"; };
		DECA256825CC8D4200851431 /* Counters.app */ = {isa = PBXFileReference; explicitFileType = wrapper.application; includeInIndex = 0; path = Counters.app; sourceTree = BUILT_PRODUCTS_DIR; };
		DECA256B25CC8D4200851431 /* AppDelegate.swift */ = {isa = PBXFileReference; lastKnownFileType = sourcecode.swift; path = AppDelegate.swift; sourceTree = "<group>"; };
		DECA256F25CC8D4200851431 /* WelcomeViewController.swift */ = {isa = PBXFileReference; lastKnownFileType = sourcecode.swift; path = WelcomeViewController.swift; sourceTree = "<group>"; };
		DECA257425CC8D4300851431 /* Assets.xcassets */ = {isa = PBXFileReference; lastKnownFileType = folder.assetcatalog; path = Assets.xcassets; sourceTree = "<group>"; };
		DECA257725CC8D4300851431 /* Base */ = {isa = PBXFileReference; lastKnownFileType = file.storyboard; name = Base; path = Base.lproj/LaunchScreen.storyboard; sourceTree = "<group>"; };
		DECA257925CC8D4300851431 /* Info.plist */ = {isa = PBXFileReference; lastKnownFileType = text.plist.xml; path = Info.plist; sourceTree = "<group>"; };
		DECA257E25CC8D4300851431 /* CountersTests.xctest */ = {isa = PBXFileReference; explicitFileType = wrapper.cfbundle; includeInIndex = 0; path = CountersTests.xctest; sourceTree = BUILT_PRODUCTS_DIR; };
		DECA258425CC8D4300851431 /* Info.plist */ = {isa = PBXFileReference; lastKnownFileType = text.plist.xml; path = Info.plist; sourceTree = "<group>"; };
		DEED7FCF25CC975D00BA0CDB /* en */ = {isa = PBXFileReference; lastKnownFileType = text.plist.strings; name = en; path = en.lproj/Localizable.strings; sourceTree = "<group>"; };
		FF0FDF68263A2E1C0007503F /* LocalCache.xcdatamodel */ = {isa = PBXFileReference; lastKnownFileType = wrapper.xcdatamodel; path = LocalCache.xcdatamodel; sourceTree = "<group>"; };
		FF0FDF6D263A2E2A0007503F /* LocalCache.swift */ = {isa = PBXFileReference; lastKnownFileType = sourcecode.swift; path = LocalCache.swift; sourceTree = "<group>"; };
		FF0FDF73263B65D50007503F /* Reachability.m */ = {isa = PBXFileReference; lastKnownFileType = sourcecode.c.objc; path = Reachability.m; sourceTree = "<group>"; };
		FF0FDF7B263B66240007503F /* Reachability.h */ = {isa = PBXFileReference; lastKnownFileType = sourcecode.c.h; path = Reachability.h; sourceTree = "<group>"; };
		FF0FDF7C263B66410007503F /* SwiftReachability.swift */ = {isa = PBXFileReference; lastKnownFileType = sourcecode.swift; path = SwiftReachability.swift; sourceTree = "<group>"; };
		FF0FDF8D263B7FB10007503F /* Endpoint.swift */ = {isa = PBXFileReference; lastKnownFileType = sourcecode.swift; path = Endpoint.swift; sourceTree = "<group>"; };
		FF0FDF9A263B90C60007503F /* EndpointParameter.swift */ = {isa = PBXFileReference; lastKnownFileType = sourcecode.swift; path = EndpointParameter.swift; sourceTree = "<group>"; };
		FF0FDFA2263B93E00007503F /* LocalCacheDiff.swift */ = {isa = PBXFileReference; lastKnownFileType = sourcecode.swift; path = LocalCacheDiff.swift; sourceTree = "<group>"; };
		FF0FDFAF263B96CB0007503F /* ItemsLocalCache.swift */ = {isa = PBXFileReference; lastKnownFileType = sourcecode.swift; path = ItemsLocalCache.swift; sourceTree = "<group>"; };
		FF0FDFB4263B986A0007503F /* DiffLocalCache.swift */ = {isa = PBXFileReference; lastKnownFileType = sourcecode.swift; path = DiffLocalCache.swift; sourceTree = "<group>"; };
		FF164DCB2636289100EDD69E /* AddItemViewDelegate.swift */ = {isa = PBXFileReference; lastKnownFileType = sourcecode.swift; path = AddItemViewDelegate.swift; sourceTree = "<group>"; };
		FF164DD126362E8000EDD69E /* AddItemExamplesViewController.swift */ = {isa = PBXFileReference; lastKnownFileType = sourcecode.swift; path = AddItemExamplesViewController.swift; sourceTree = "<group>"; };
		FF164DD926362FC000EDD69E /* AddItemExamplesDelegate.swift */ = {isa = PBXFileReference; lastKnownFileType = sourcecode.swift; path = AddItemExamplesDelegate.swift; sourceTree = "<group>"; };
		FF164DDF263630EA00EDD69E /* AddItemTableViewCell.swift */ = {isa = PBXFileReference; lastKnownFileType = sourcecode.swift; path = AddItemTableViewCell.swift; sourceTree = "<group>"; };
		FF164DE72636310F00EDD69E /* Reusable.swift */ = {isa = PBXFileReference; lastKnownFileType = sourcecode.swift; path = Reusable.swift; sourceTree = "<group>"; };
		FF164DED2636427700EDD69E /* AddItemExamplesTableViewDataSource.swift */ = {isa = PBXFileReference; lastKnownFileType = sourcecode.swift; path = AddItemExamplesTableViewDataSource.swift; sourceTree = "<group>"; };
		FF164DF52636537E00EDD69E /* SwiftNetworking.swift */ = {isa = PBXFileReference; lastKnownFileType = sourcecode.swift; path = SwiftNetworking.swift; sourceTree = "<group>"; };
		FF164DFF2637824F00EDD69E /* MainViewItemCell.swift */ = {isa = PBXFileReference; lastKnownFileType = sourcecode.swift; path = MainViewItemCell.swift; sourceTree = "<group>"; };
		FF33E833263D0D2200119E91 /* BarProviderMock.swift */ = {isa = PBXFileReference; lastKnownFileType = sourcecode.swift; path = BarProviderMock.swift; sourceTree = "<group>"; };
		FF33E84E263DFDDA00119E91 /* ReachabilityMock.swift */ = {isa = PBXFileReference; lastKnownFileType = sourcecode.swift; path = ReachabilityMock.swift; sourceTree = "<group>"; };
		FF8131A026378BED003BF7BB /* MainErrorView.swift */ = {isa = PBXFileReference; lastKnownFileType = sourcecode.swift; path = MainErrorView.swift; sourceTree = "<group>"; };
		FF8131A52637C8EC003BF7BB /* MainTableViewDelegate.swift */ = {isa = PBXFileReference; lastKnownFileType = sourcecode.swift; path = MainTableViewDelegate.swift; sourceTree = "<group>"; };
		FF8131AA2637D2D9003BF7BB /* MainViewItemCellDelegate.swift */ = {isa = PBXFileReference; lastKnownFileType = sourcecode.swift; path = MainViewItemCellDelegate.swift; sourceTree = "<group>"; };
		FF93D8AF2634C522000B5361 /* MainViewControllerPresenter.swift */ = {isa = PBXFileReference; lastKnownFileType = sourcecode.swift; path = MainViewControllerPresenter.swift; sourceTree = "<group>"; };
		FF93D8B52634C56A000B5361 /* Item.swift */ = {isa = PBXFileReference; lastKnownFileType = sourcecode.swift; path = Item.swift; sourceTree = "<group>"; };
		FF93D8C42634C6AB000B5361 /* ItemCategory.swift */ = {isa = PBXFileReference; lastKnownFileType = sourcecode.swift; path = ItemCategory.swift; sourceTree = "<group>"; };
		FF93D8C92634C7C3000B5361 /* String+Localizable.swift */ = {isa = PBXFileReference; lastKnownFileType = sourcecode.swift; path = "String+Localizable.swift"; sourceTree = "<group>"; };
		FF93D8CE2634C7E9000B5361 /* GlobalConstants.swift */ = {isa = PBXFileReference; lastKnownFileType = sourcecode.swift; path = GlobalConstants.swift; sourceTree = "<group>"; };
		FF93D8DA2634CB4F000B5361 /* MainPresenter.swift */ = {isa = PBXFileReference; lastKnownFileType = sourcecode.swift; path = MainPresenter.swift; sourceTree = "<group>"; };
		FF93D8E22634CC06000B5361 /* MainViewDisplay.swift */ = {isa = PBXFileReference; lastKnownFileType = sourcecode.swift; path = MainViewDisplay.swift; sourceTree = "<group>"; };
		FF93D8E82634DF14000B5361 /* MainTableViewDataSource.swift */ = {isa = PBXFileReference; lastKnownFileType = sourcecode.swift; path = MainTableViewDataSource.swift; sourceTree = "<group>"; };
		FF93D8F12634E4BD000B5361 /* AddItemViewController.swift */ = {isa = PBXFileReference; lastKnownFileType = sourcecode.swift; path = AddItemViewController.swift; sourceTree = "<group>"; };
		FF93D8F72634E544000B5361 /* AddItemPresenter.swift */ = {isa = PBXFileReference; lastKnownFileType = sourcecode.swift; path = AddItemPresenter.swift; sourceTree = "<group>"; };
		FF93D8FF2634E578000B5361 /* AddItemViewDisplay.swift */ = {isa = PBXFileReference; lastKnownFileType = sourcecode.swift; path = AddItemViewDisplay.swift; sourceTree = "<group>"; };
		FF93D9072634E5E9000B5361 /* AddItemViewControllerPresenter.swift */ = {isa = PBXFileReference; lastKnownFileType = sourcecode.swift; path = AddItemViewControllerPresenter.swift; sourceTree = "<group>"; };
		FF93D9112634F597000B5361 /* ProgressIndicatorTextField.swift */ = {isa = PBXFileReference; lastKnownFileType = sourcecode.swift; path = ProgressIndicatorTextField.swift; sourceTree = "<group>"; };
		FF93D9212634F922000B5361 /* AddItemView.swift */ = {isa = PBXFileReference; lastKnownFileType = sourcecode.swift; path = AddItemView.swift; sourceTree = "<group>"; };
		FF9FBE3B2638D63E00655141 /* AddItemViewControllerUseCase.swift */ = {isa = PBXFileReference; lastKnownFileType = sourcecode.swift; path = AddItemViewControllerUseCase.swift; sourceTree = "<group>"; };
		FF9FBE432638D8DE00655141 /* MainViewControllerUseCase.swift */ = {isa = PBXFileReference; lastKnownFileType = sourcecode.swift; path = MainViewControllerUseCase.swift; sourceTree = "<group>"; };
		FF9FBE482639131200655141 /* AddItemCollectionViewCell.swift */ = {isa = PBXFileReference; lastKnownFileType = sourcecode.swift; path = AddItemCollectionViewCell.swift; sourceTree = "<group>"; };
		FF9FBE4D263917C900655141 /* AddItemExamplesTableViewDelegate.swift */ = {isa = PBXFileReference; lastKnownFileType = sourcecode.swift; path = AddItemExamplesTableViewDelegate.swift; sourceTree = "<group>"; };
		FFC425CC263C95CD00D81045 /* UIViewController+Alert.swift */ = {isa = PBXFileReference; lastKnownFileType = sourcecode.swift; path = "UIViewController+Alert.swift"; sourceTree = "<group>"; };
		FFC425D1263CB6AD00D81045 /* String+ShareActivity.swift */ = {isa = PBXFileReference; lastKnownFileType = sourcecode.swift; path = "String+ShareActivity.swift"; sourceTree = "<group>"; };
		FFC425D9263CC41700D81045 /* README.md */ = {isa = PBXFileReference; lastKnownFileType = net.daringfireball.markdown; path = README.md; sourceTree = "<group>"; };
		FFC425EF263D0A2C00D81045 /* CountersTests-Bridging-Header.h */ = {isa = PBXFileReference; lastKnownFileType = sourcecode.c.h; path = "CountersTests-Bridging-Header.h"; sourceTree = "<group>"; };
		FFC425FB263D0A7500D81045 /* MainNavigationControllerTests.swift */ = {isa = PBXFileReference; lastKnownFileType = sourcecode.swift; path = MainNavigationControllerTests.swift; sourceTree = "<group>"; };
		FFCAEF55263E386F00111635 /* SwiftReachabilityTests.swift */ = {isa = PBXFileReference; lastKnownFileType = sourcecode.swift; path = SwiftReachabilityTests.swift; sourceTree = "<group>"; };
		FFCAEF59263E3BC700111635 /* ItemsLocalCacheTests.swift */ = {isa = PBXFileReference; lastKnownFileType = sourcecode.swift; path = ItemsLocalCacheTests.swift; sourceTree = "<group>"; };
		FFE576F32633AF9300BEE65E /* MainNavigationController.swift */ = {isa = PBXFileReference; lastKnownFileType = sourcecode.swift; path = MainNavigationController.swift; sourceTree = "<group>"; };
		FFE576FC2633AFC900BEE65E /* TopBarProvider.swift */ = {isa = PBXFileReference; lastKnownFileType = sourcecode.swift; path = TopBarProvider.swift; sourceTree = "<group>"; };
		FFE577042633B13B00BEE65E /* BottomBarProvider.swift */ = {isa = PBXFileReference; lastKnownFileType = sourcecode.swift; path = BottomBarProvider.swift; sourceTree = "<group>"; };
		FFE577152633B28A00BEE65E /* MainViewController.swift */ = {isa = PBXFileReference; lastKnownFileType = sourcecode.swift; path = MainViewController.swift; sourceTree = "<group>"; };
		FFE5771A2633B62300BEE65E /* UIColor+Namespace.swift */ = {isa = PBXFileReference; lastKnownFileType = sourcecode.swift; path = "UIColor+Namespace.swift"; sourceTree = "<group>"; };
		FFE577202633B8B600BEE65E /* Namespace.swift */ = {isa = PBXFileReference; lastKnownFileType = sourcecode.swift; path = Namespace.swift; sourceTree = "<group>"; };
/* End PBXFileReference section */

/* Begin PBXFrameworksBuildPhase section */
		DECA256525CC8D4200851431 /* Frameworks */ = {
			isa = PBXFrameworksBuildPhase;
			buildActionMask = 2147483647;
			files = (
			);
			runOnlyForDeploymentPostprocessing = 0;
		};
		DECA257B25CC8D4300851431 /* Frameworks */ = {
			isa = PBXFrameworksBuildPhase;
			buildActionMask = 2147483647;
			files = (
			);
			runOnlyForDeploymentPostprocessing = 0;
		};
/* End PBXFrameworksBuildPhase section */

/* Begin PBXGroup section */
		350AF6E225E035750000F698 /* Views */ = {
			isa = PBXGroup;
			children = (
				350AF6E325E035840000F698 /* WelcomeFeatureView.swift */,
			);
			path = Views;
			sourceTree = "<group>";
		};
		35868D2F25E0522E0028AF1D /* Extensions */ = {
			isa = PBXGroup;
			children = (
				FFE577202633B8B600BEE65E /* Namespace.swift */,
				FF164DE72636310F00EDD69E /* Reusable.swift */,
				FF93D8C92634C7C3000B5361 /* String+Localizable.swift */,
				FFC425D1263CB6AD00D81045 /* String+ShareActivity.swift */,
				FFE5771A2633B62300BEE65E /* UIColor+Namespace.swift */,
				350AF6EC25E0365A0000F698 /* UIImage+Badge.swift */,
				FFC425CC263C95CD00D81045 /* UIViewController+Alert.swift */,
			);
			path = Extensions;
			sourceTree = "<group>";
		};
		35EAFB7425CC9E0800DCFE10 /* Services */ = {
			isa = PBXGroup;
			children = (
				FF0FDF72263B65AB0007503F /* Reachability */,
				FF0FDF66263A2D9D0007503F /* LocalCache */,
				35EAFB7525CC9E1F00DCFE10 /* Networking */,
				FF0FDF8D263B7FB10007503F /* Endpoint.swift */,
				FF0FDF9A263B90C60007503F /* EndpointParameter.swift */,
			);
			path = Services;
			sourceTree = "<group>";
		};
		35EAFB7525CC9E1F00DCFE10 /* Networking */ = {
			isa = PBXGroup;
			children = (
				35EAFB7725CC9E3B00DCFE10 /* Networking.h */,
				35EAFB7825CC9E3B00DCFE10 /* Networking.m */,
				FF164DF52636537E00EDD69E /* SwiftNetworking.swift */,
			);
			path = Networking;
			sourceTree = "<group>";
		};
		DE3EBACA25E048C200DA1E0D /* UIComponents */ = {
			isa = PBXGroup;
			children = (
				DE3EBACB25E048CE00DA1E0D /* Button.swift */,
			);
			path = UIComponents;
			sourceTree = "<group>";
		};
		DECA255F25CC8D4200851431 = {
			isa = PBXGroup;
			children = (
				DECA256A25CC8D4200851431 /* Counters */,
				DECA258125CC8D4300851431 /* CountersTests */,
				DECA256925CC8D4200851431 /* Products */,
			);
			sourceTree = "<group>";
		};
		DECA256925CC8D4200851431 /* Products */ = {
			isa = PBXGroup;
			children = (
				DECA256825CC8D4200851431 /* Counters.app */,
				DECA257E25CC8D4300851431 /* CountersTests.xctest */,
			);
			name = Products;
			sourceTree = "<group>";
		};
		DECA256A25CC8D4200851431 /* Counters */ = {
			isa = PBXGroup;
			children = (
				FFC425D9263CC41700D81045 /* README.md */,
				FF93D8CE2634C7E9000B5361 /* GlobalConstants.swift */,
				DE3EBACA25E048C200DA1E0D /* UIComponents */,
				DECA25AA25CC8FD600851431 /* Application */,
				DECA25AC25CC900C00851431 /* Config */,
				DECA25AB25CC900000851431 /* Resources */,
			);
			path = Counters;
			sourceTree = "<group>";
		};
		DECA258125CC8D4300851431 /* CountersTests */ = {
			isa = PBXGroup;
			children = (
				FF33E831263D0CFF00119E91 /* Mocks */,
				FF33E832263D0D0A00119E91 /* Test Cases */,
				DECA258425CC8D4300851431 /* Info.plist */,
				FFC425EF263D0A2C00D81045 /* CountersTests-Bridging-Header.h */,
			);
			path = CountersTests;
			sourceTree = "<group>";
		};
		DECA25AA25CC8FD600851431 /* Application */ = {
			isa = PBXGroup;
			children = (
				FF164DFA263781D800EDD69E /* Models */,
				FFE576F22633AF8600BEE65E /* NavigationController */,
				35868D2F25E0522E0028AF1D /* Extensions */,
				35EAFB7425CC9E0800DCFE10 /* Services */,
				DECA25AE25CC908800851431 /* AppDelegate */,
				DECA25AD25CC906700851431 /* Launch */,
				FFE576DD2633ADF100BEE65E /* Scenes */,
			);
			path = Application;
			sourceTree = "<group>";
		};
		DECA25AB25CC900000851431 /* Resources */ = {
			isa = PBXGroup;
			children = (
				DECA257425CC8D4300851431 /* Assets.xcassets */,
				DEED7FD025CC975D00BA0CDB /* Localizable.strings */,
				FF0FDF67263A2E1C0007503F /* LocalCache.xcdatamodeld */,
			);
			path = Resources;
			sourceTree = "<group>";
		};
		DECA25AC25CC900C00851431 /* Config */ = {
			isa = PBXGroup;
			children = (
				35EAFB7625CC9E3A00DCFE10 /* Counters-Bridging-Header.h */,
				DECA257925CC8D4300851431 /* Info.plist */,
			);
			path = Config;
			sourceTree = "<group>";
		};
		DECA25AD25CC906700851431 /* Launch */ = {
			isa = PBXGroup;
			children = (
				DECA257625CC8D4300851431 /* LaunchScreen.storyboard */,
			);
			path = Launch;
			sourceTree = "<group>";
		};
		DECA25AE25CC908800851431 /* AppDelegate */ = {
			isa = PBXGroup;
			children = (
				DECA256B25CC8D4200851431 /* AppDelegate.swift */,
			);
			path = AppDelegate;
			sourceTree = "<group>";
		};
		DECA25B225CC910100851431 /* Welcome */ = {
			isa = PBXGroup;
			children = (
				350AF6E225E035750000F698 /* Views */,
				35868D2725E03F090028AF1D /* WelcomeViewPresenter.swift */,
				DECA256F25CC8D4200851431 /* WelcomeViewController.swift */,
				350AF6D825E02D5E0000F698 /* WelcomeView.swift */,
			);
			path = Welcome;
			sourceTree = "<group>";
		};
		FF0FDF66263A2D9D0007503F /* LocalCache */ = {
			isa = PBXGroup;
			children = (
				FF0FDF6D263A2E2A0007503F /* LocalCache.swift */,
				FF0FDFAF263B96CB0007503F /* ItemsLocalCache.swift */,
				FF0FDFB4263B986A0007503F /* DiffLocalCache.swift */,
			);
			path = LocalCache;
			sourceTree = "<group>";
		};
		FF0FDF72263B65AB0007503F /* Reachability */ = {
			isa = PBXGroup;
			children = (
				FF0FDF7B263B66240007503F /* Reachability.h */,
				FF0FDF73263B65D50007503F /* Reachability.m */,
				FF0FDF7C263B66410007503F /* SwiftReachability.swift */,
			);
			path = Reachability;
			sourceTree = "<group>";
		};
		FF164DD026362E7800EDD69E /* Examples */ = {
			isa = PBXGroup;
			children = (
				FF164DEC2636426500EDD69E /* TableView */,
				FF164DDE263630DF00EDD69E /* Cells */,
				FF164DD126362E8000EDD69E /* AddItemExamplesViewController.swift */,
			);
			path = Examples;
			sourceTree = "<group>";
		};
		FF164DDE263630DF00EDD69E /* Cells */ = {
			isa = PBXGroup;
			children = (
				FF164DDF263630EA00EDD69E /* AddItemTableViewCell.swift */,
				FF9FBE482639131200655141 /* AddItemCollectionViewCell.swift */,
			);
			path = Cells;
			sourceTree = "<group>";
		};
		FF164DEC2636426500EDD69E /* TableView */ = {
			isa = PBXGroup;
			children = (
				FF164DED2636427700EDD69E /* AddItemExamplesTableViewDataSource.swift */,
				FF9FBE4D263917C900655141 /* AddItemExamplesTableViewDelegate.swift */,
			);
			path = TableView;
			sourceTree = "<group>";
		};
		FF164DFA263781D800EDD69E /* Models */ = {
			isa = PBXGroup;
			children = (
				FF93D8B52634C56A000B5361 /* Item.swift */,
				FF93D8C42634C6AB000B5361 /* ItemCategory.swift */,
				FF0FDFA2263B93E00007503F /* LocalCacheDiff.swift */,
			);
			path = Models;
			sourceTree = "<group>";
		};
		FF164DFE2637824700EDD69E /* Cells */ = {
			isa = PBXGroup;
			children = (
				FF164DFF2637824F00EDD69E /* MainViewItemCell.swift */,
				FF8131AA2637D2D9003BF7BB /* MainViewItemCellDelegate.swift */,
			);
			path = Cells;
			sourceTree = "<group>";
		};
		FF33E831263D0CFF00119E91 /* Mocks */ = {
			isa = PBXGroup;
			children = (
				FF33E833263D0D2200119E91 /* BarProviderMock.swift */,
				FF33E84E263DFDDA00119E91 /* ReachabilityMock.swift */,
			);
			path = Mocks;
			sourceTree = "<group>";
		};
		FF33E832263D0D0A00119E91 /* Test Cases */ = {
			isa = PBXGroup;
			children = (
				FFC425FB263D0A7500D81045 /* MainNavigationControllerTests.swift */,
				FFCAEF5F263E469100111635 /* Services */,
			);
			path = "Test Cases";
			sourceTree = "<group>";
		};
		FF81319F26378BE6003BF7BB /* Views */ = {
			isa = PBXGroup;
			children = (
				FF8131A026378BED003BF7BB /* MainErrorView.swift */,
			);
			path = Views;
			sourceTree = "<group>";
		};
		FF93D8D92634CB42000B5361 /* Protocols */ = {
			isa = PBXGroup;
			children = (
				FF93D8DA2634CB4F000B5361 /* MainPresenter.swift */,
				FF93D8E22634CC06000B5361 /* MainViewDisplay.swift */,
			);
			path = Protocols;
			sourceTree = "<group>";
		};
		FF93D8E72634DEFA000B5361 /* TableView */ = {
			isa = PBXGroup;
			children = (
				FF93D8E82634DF14000B5361 /* MainTableViewDataSource.swift */,
				FF8131A52637C8EC003BF7BB /* MainTableViewDelegate.swift */,
			);
			path = TableView;
			sourceTree = "<group>";
		};
		FF93D8F02634E4AF000B5361 /* AddItem */ = {
			isa = PBXGroup;
			children = (
				FF164DD026362E7800EDD69E /* Examples */,
				FF93D9102634F578000B5361 /* Views */,
				FF93D8F62634E53E000B5361 /* Protocols */,
				FF93D8F12634E4BD000B5361 /* AddItemViewController.swift */,
				FF93D9072634E5E9000B5361 /* AddItemViewControllerPresenter.swift */,
				FF9FBE3B2638D63E00655141 /* AddItemViewControllerUseCase.swift */,
			);
			path = AddItem;
			sourceTree = "<group>";
		};
		FF93D8F62634E53E000B5361 /* Protocols */ = {
			isa = PBXGroup;
			children = (
				FF93D8F72634E544000B5361 /* AddItemPresenter.swift */,
				FF93D8FF2634E578000B5361 /* AddItemViewDisplay.swift */,
				FF164DCB2636289100EDD69E /* AddItemViewDelegate.swift */,
				FF164DD926362FC000EDD69E /* AddItemExamplesDelegate.swift */,
			);
			path = Protocols;
			sourceTree = "<group>";
		};
		FF93D9102634F578000B5361 /* Views */ = {
			isa = PBXGroup;
			children = (
				FF93D9112634F597000B5361 /* ProgressIndicatorTextField.swift */,
				FF93D9212634F922000B5361 /* AddItemView.swift */,
			);
			path = Views;
			sourceTree = "<group>";
		};
		FFCAEF5F263E469100111635 /* Services */ = {
			isa = PBXGroup;
			children = (
				FFCAEF55263E386F00111635 /* SwiftReachabilityTests.swift */,
				FFCAEF60263E46A000111635 /* LocalCache */,
			);
			path = Services;
			sourceTree = "<group>";
		};
		FFCAEF60263E46A000111635 /* LocalCache */ = {
			isa = PBXGroup;
			children = (
				FFCAEF59263E3BC700111635 /* ItemsLocalCacheTests.swift */,
			);
			path = LocalCache;
			sourceTree = "<group>";
		};
		FFE576DD2633ADF100BEE65E /* Scenes */ = {
			isa = PBXGroup;
			children = (
				DECA25B225CC910100851431 /* Welcome */,
				FFE577142633B27E00BEE65E /* Main */,
				FF93D8F02634E4AF000B5361 /* AddItem */,
			);
			path = Scenes;
			sourceTree = "<group>";
		};
		FFE576F22633AF8600BEE65E /* NavigationController */ = {
			isa = PBXGroup;
			children = (
				FFE576FB2633AFC200BEE65E /* Protocols */,
				FFE576F32633AF9300BEE65E /* MainNavigationController.swift */,
			);
			path = NavigationController;
			sourceTree = "<group>";
		};
		FFE576FB2633AFC200BEE65E /* Protocols */ = {
			isa = PBXGroup;
			children = (
				FFE577042633B13B00BEE65E /* BottomBarProvider.swift */,
				FFE576FC2633AFC900BEE65E /* TopBarProvider.swift */,
			);
			path = Protocols;
			sourceTree = "<group>";
		};
		FFE577142633B27E00BEE65E /* Main */ = {
			isa = PBXGroup;
			children = (
				FF81319F26378BE6003BF7BB /* Views */,
				FF164DFE2637824700EDD69E /* Cells */,
				FF93D8E72634DEFA000B5361 /* TableView */,
				FF93D8D92634CB42000B5361 /* Protocols */,
				FFE577152633B28A00BEE65E /* MainViewController.swift */,
				FF93D8AF2634C522000B5361 /* MainViewControllerPresenter.swift */,
				FF9FBE432638D8DE00655141 /* MainViewControllerUseCase.swift */,
			);
			path = Main;
			sourceTree = "<group>";
		};
/* End PBXGroup section */

/* Begin PBXNativeTarget section */
		DECA256725CC8D4200851431 /* Counters */ = {
			isa = PBXNativeTarget;
			buildConfigurationList = DECA259225CC8D4300851431 /* Build configuration list for PBXNativeTarget "Counters" */;
			buildPhases = (
				DECA256425CC8D4200851431 /* Sources */,
				DECA256525CC8D4200851431 /* Frameworks */,
				DECA256625CC8D4200851431 /* Resources */,
				FF93D90C2634F4BD000B5361 /* Mark TODO/FIXME/ERROR tags as appropiate in the Issue Navigator */,
			);
			buildRules = (
			);
			dependencies = (
			);
			name = Counters;
			productName = Counters;
			productReference = DECA256825CC8D4200851431 /* Counters.app */;
			productType = "com.apple.product-type.application";
		};
		DECA257D25CC8D4300851431 /* CountersTests */ = {
			isa = PBXNativeTarget;
			buildConfigurationList = DECA259525CC8D4300851431 /* Build configuration list for PBXNativeTarget "CountersTests" */;
			buildPhases = (
				DECA257A25CC8D4300851431 /* Sources */,
				DECA257B25CC8D4300851431 /* Frameworks */,
				DECA257C25CC8D4300851431 /* Resources */,
			);
			buildRules = (
			);
			dependencies = (
				DECA258025CC8D4300851431 /* PBXTargetDependency */,
			);
			name = CountersTests;
			productName = CountersTests;
			productReference = DECA257E25CC8D4300851431 /* CountersTests.xctest */;
			productType = "com.apple.product-type.bundle.unit-test";
		};
/* End PBXNativeTarget section */

/* Begin PBXProject section */
		DECA256025CC8D4200851431 /* Project object */ = {
			isa = PBXProject;
			attributes = {
				LastSwiftUpdateCheck = 1240;
				LastUpgradeCheck = 1240;
				TargetAttributes = {
					DECA256725CC8D4200851431 = {
						CreatedOnToolsVersion = 12.4;
						LastSwiftMigration = 1240;
					};
					DECA257D25CC8D4300851431 = {
						CreatedOnToolsVersion = 12.4;
						LastSwiftMigration = 1240;
						TestTargetID = DECA256725CC8D4200851431;
					};
				};
			};
			buildConfigurationList = DECA256325CC8D4200851431 /* Build configuration list for PBXProject "Counters" */;
			compatibilityVersion = "Xcode 9.3";
			developmentRegion = en;
			hasScannedForEncodings = 0;
			knownRegions = (
				en,
				Base,
			);
			mainGroup = DECA255F25CC8D4200851431;
			productRefGroup = DECA256925CC8D4200851431 /* Products */;
			projectDirPath = "";
			projectRoot = "";
			targets = (
				DECA256725CC8D4200851431 /* Counters */,
				DECA257D25CC8D4300851431 /* CountersTests */,
			);
		};
/* End PBXProject section */

/* Begin PBXResourcesBuildPhase section */
		DECA256625CC8D4200851431 /* Resources */ = {
			isa = PBXResourcesBuildPhase;
			buildActionMask = 2147483647;
			files = (
				DECA257825CC8D4300851431 /* LaunchScreen.storyboard in Resources */,
				DEED7FCE25CC975D00BA0CDB /* Localizable.strings in Resources */,
				FFC425DA263CC41700D81045 /* README.md in Resources */,
				DECA257525CC8D4300851431 /* Assets.xcassets in Resources */,
			);
			runOnlyForDeploymentPostprocessing = 0;
		};
		DECA257C25CC8D4300851431 /* Resources */ = {
			isa = PBXResourcesBuildPhase;
			buildActionMask = 2147483647;
			files = (
			);
			runOnlyForDeploymentPostprocessing = 0;
		};
/* End PBXResourcesBuildPhase section */

/* Begin PBXShellScriptBuildPhase section */
		FF93D90C2634F4BD000B5361 /* Mark TODO/FIXME/ERROR tags as appropiate in the Issue Navigator */ = {
			isa = PBXShellScriptBuildPhase;
			buildActionMask = 2147483647;
			files = (
			);
			inputFileListPaths = (
			);
			inputPaths = (
			);
			name = "Mark TODO/FIXME/ERROR tags as appropiate in the Issue Navigator";
			outputFileListPaths = (
			);
			outputPaths = (
			);
			runOnlyForDeploymentPostprocessing = 0;
			shellPath = /bin/sh;
			shellScript = "TAGS=\"\\/\\/ TODO:|\\/\\/ FIXME:\"\nERRORTAG=\"\\/\\/ ERROR:\"\nfind \"${SRCROOT}\" \\( -name \"*.h\" -or -name \"*.m\" -or -name \"*.swift\" \\) -print0 | xargs -0 egrep --with-filename --line-number --only-matching \"($TAGS).*\\$|($ERRORTAG).*\\$\" | perl -p -e \"s/($TAGS)/ warning: \\$1/\" | perl -p -e \"s/($ERRORTAG)/ error: \\$1/\"\n";
		};
/* End PBXShellScriptBuildPhase section */

/* Begin PBXSourcesBuildPhase section */
		DECA256425CC8D4200851431 /* Sources */ = {
			isa = PBXSourcesBuildPhase;
			buildActionMask = 2147483647;
			files = (
				FFE576F42633AF9300BEE65E /* MainNavigationController.swift in Sources */,
				FF93D8F82634E544000B5361 /* AddItemPresenter.swift in Sources */,
				FF164DEE2636427700EDD69E /* AddItemExamplesTableViewDataSource.swift in Sources */,
				FF164DCC2636289100EDD69E /* AddItemViewDelegate.swift in Sources */,
				FF93D8CF2634C7E9000B5361 /* GlobalConstants.swift in Sources */,
				FF93D9002634E578000B5361 /* AddItemViewDisplay.swift in Sources */,
				FF9FBE442638D8DE00655141 /* MainViewControllerUseCase.swift in Sources */,
				FF0FDF9B263B90C60007503F /* EndpointParameter.swift in Sources */,
				FF93D8DB2634CB4F000B5361 /* MainPresenter.swift in Sources */,
				FF0FDF7D263B66410007503F /* SwiftReachability.swift in Sources */,
				FFE577212633B8B600BEE65E /* Namespace.swift in Sources */,
				FF0FDF8E263B7FB10007503F /* Endpoint.swift in Sources */,
				FF8131AB2637D2D9003BF7BB /* MainViewItemCellDelegate.swift in Sources */,
				FF93D8B02634C522000B5361 /* MainViewControllerPresenter.swift in Sources */,
				FF93D8F22634E4BE000B5361 /* AddItemViewController.swift in Sources */,
				FF8131A126378BED003BF7BB /* MainErrorView.swift in Sources */,
				35868D2825E03F090028AF1D /* WelcomeViewPresenter.swift in Sources */,
				FF93D8B62634C56A000B5361 /* Item.swift in Sources */,
				FF164E002637824F00EDD69E /* MainViewItemCell.swift in Sources */,
				FF93D8CA2634C7C3000B5361 /* String+Localizable.swift in Sources */,
				FF164DE82636310F00EDD69E /* Reusable.swift in Sources */,
				FF9FBE3C2638D63E00655141 /* AddItemViewControllerUseCase.swift in Sources */,
				FF164DF62636537E00EDD69E /* SwiftNetworking.swift in Sources */,
				FFE576FD2633AFC900BEE65E /* TopBarProvider.swift in Sources */,
				FFE577162633B28A00BEE65E /* MainViewController.swift in Sources */,
				FF8131A62637C8EC003BF7BB /* MainTableViewDelegate.swift in Sources */,
				350AF6ED25E0365A0000F698 /* UIImage+Badge.swift in Sources */,
				FF93D8C52634C6AB000B5361 /* ItemCategory.swift in Sources */,
				FF164DE0263630EA00EDD69E /* AddItemTableViewCell.swift in Sources */,
				FF0FDF69263A2E1C0007503F /* LocalCache.xcdatamodeld in Sources */,
				FFE577052633B13B00BEE65E /* BottomBarProvider.swift in Sources */,
				FF93D9082634E5E9000B5361 /* AddItemViewControllerPresenter.swift in Sources */,
				FF93D8E92634DF14000B5361 /* MainTableViewDataSource.swift in Sources */,
				FF0FDF6E263A2E2A0007503F /* LocalCache.swift in Sources */,
				FFC425CD263C95CD00D81045 /* UIViewController+Alert.swift in Sources */,
				FF0FDFB0263B96CB0007503F /* ItemsLocalCache.swift in Sources */,
				DECA257025CC8D4200851431 /* WelcomeViewController.swift in Sources */,
				FF164DD226362E8000EDD69E /* AddItemExamplesViewController.swift in Sources */,
				DECA256C25CC8D4200851431 /* AppDelegate.swift in Sources */,
				FF0FDFB5263B986A0007503F /* DiffLocalCache.swift in Sources */,
				DE3EBACC25E048CE00DA1E0D /* Button.swift in Sources */,
				FF9FBE492639131200655141 /* AddItemCollectionViewCell.swift in Sources */,
				FF93D9122634F597000B5361 /* ProgressIndicatorTextField.swift in Sources */,
				FF164DDA26362FC000EDD69E /* AddItemExamplesDelegate.swift in Sources */,
				35EAFB7925CC9E3B00DCFE10 /* Networking.m in Sources */,
				FF93D9222634F922000B5361 /* AddItemView.swift in Sources */,
				FF0FDF74263B65D50007503F /* Reachability.m in Sources */,
				FF9FBE4E263917C900655141 /* AddItemExamplesTableViewDelegate.swift in Sources */,
				FF93D8E32634CC06000B5361 /* MainViewDisplay.swift in Sources */,
				FFC425D2263CB6AD00D81045 /* String+ShareActivity.swift in Sources */,
				FFE5771B2633B62300BEE65E /* UIColor+Namespace.swift in Sources */,
				FF0FDFA3263B93E00007503F /* LocalCacheDiff.swift in Sources */,
				350AF6D925E02D5E0000F698 /* WelcomeView.swift in Sources */,
				350AF6E425E035840000F698 /* WelcomeFeatureView.swift in Sources */,
			);
			runOnlyForDeploymentPostprocessing = 0;
		};
		DECA257A25CC8D4300851431 /* Sources */ = {
			isa = PBXSourcesBuildPhase;
			buildActionMask = 2147483647;
			files = (
				FFCAEF56263E386F00111635 /* SwiftReachabilityTests.swift in Sources */,
				FF33E841263D0F3C00119E91 /* MainNavigationControllerTests.swift in Sources */,
				FFCAEF5A263E3BC700111635 /* ItemsLocalCacheTests.swift in Sources */,
				FF33E834263D0D2200119E91 /* BarProviderMock.swift in Sources */,
				FF33E84F263DFDDA00119E91 /* ReachabilityMock.swift in Sources */,
			);
			runOnlyForDeploymentPostprocessing = 0;
		};
/* End PBXSourcesBuildPhase section */

/* Begin PBXTargetDependency section */
		DECA258025CC8D4300851431 /* PBXTargetDependency */ = {
			isa = PBXTargetDependency;
			target = DECA256725CC8D4200851431 /* Counters */;
			targetProxy = DECA257F25CC8D4300851431 /* PBXContainerItemProxy */;
		};
/* End PBXTargetDependency section */

/* Begin PBXVariantGroup section */
		DECA257625CC8D4300851431 /* LaunchScreen.storyboard */ = {
			isa = PBXVariantGroup;
			children = (
				DECA257725CC8D4300851431 /* Base */,
			);
			name = LaunchScreen.storyboard;
			sourceTree = "<group>";
		};
		DEED7FD025CC975D00BA0CDB /* Localizable.strings */ = {
			isa = PBXVariantGroup;
			children = (
				DEED7FCF25CC975D00BA0CDB /* en */,
			);
			name = Localizable.strings;
			sourceTree = "<group>";
		};
/* End PBXVariantGroup section */

/* Begin XCBuildConfiguration section */
		DECA259025CC8D4300851431 /* Debug */ = {
			isa = XCBuildConfiguration;
			buildSettings = {
				ALWAYS_SEARCH_USER_PATHS = NO;
				CLANG_ANALYZER_NONNULL = YES;
				CLANG_ANALYZER_NUMBER_OBJECT_CONVERSION = YES_AGGRESSIVE;
				CLANG_CXX_LANGUAGE_STANDARD = "gnu++14";
				CLANG_CXX_LIBRARY = "libc++";
				CLANG_ENABLE_MODULES = YES;
				CLANG_ENABLE_OBJC_ARC = YES;
				CLANG_ENABLE_OBJC_WEAK = YES;
				CLANG_WARN_BLOCK_CAPTURE_AUTORELEASING = YES;
				CLANG_WARN_BOOL_CONVERSION = YES;
				CLANG_WARN_COMMA = YES;
				CLANG_WARN_CONSTANT_CONVERSION = YES;
				CLANG_WARN_DEPRECATED_OBJC_IMPLEMENTATIONS = YES;
				CLANG_WARN_DIRECT_OBJC_ISA_USAGE = YES_ERROR;
				CLANG_WARN_DOCUMENTATION_COMMENTS = YES;
				CLANG_WARN_EMPTY_BODY = YES;
				CLANG_WARN_ENUM_CONVERSION = YES;
				CLANG_WARN_INFINITE_RECURSION = YES;
				CLANG_WARN_INT_CONVERSION = YES;
				CLANG_WARN_NON_LITERAL_NULL_CONVERSION = YES;
				CLANG_WARN_OBJC_IMPLICIT_RETAIN_SELF = YES;
				CLANG_WARN_OBJC_LITERAL_CONVERSION = YES;
				CLANG_WARN_OBJC_ROOT_CLASS = YES_ERROR;
				CLANG_WARN_QUOTED_INCLUDE_IN_FRAMEWORK_HEADER = YES;
				CLANG_WARN_RANGE_LOOP_ANALYSIS = YES;
				CLANG_WARN_STRICT_PROTOTYPES = YES;
				CLANG_WARN_SUSPICIOUS_MOVE = YES;
				CLANG_WARN_UNGUARDED_AVAILABILITY = YES_AGGRESSIVE;
				CLANG_WARN_UNREACHABLE_CODE = YES;
				CLANG_WARN__DUPLICATE_METHOD_MATCH = YES;
				COPY_PHASE_STRIP = NO;
				DEBUG_INFORMATION_FORMAT = dwarf;
				ENABLE_STRICT_OBJC_MSGSEND = YES;
				ENABLE_TESTABILITY = YES;
				GCC_C_LANGUAGE_STANDARD = gnu11;
				GCC_DYNAMIC_NO_PIC = NO;
				GCC_NO_COMMON_BLOCKS = YES;
				GCC_OPTIMIZATION_LEVEL = 0;
				GCC_PREPROCESSOR_DEFINITIONS = (
					"DEBUG=1",
					"$(inherited)",
				);
				GCC_WARN_64_TO_32_BIT_CONVERSION = YES;
				GCC_WARN_ABOUT_RETURN_TYPE = YES_ERROR;
				GCC_WARN_UNDECLARED_SELECTOR = YES;
				GCC_WARN_UNINITIALIZED_AUTOS = YES_AGGRESSIVE;
				GCC_WARN_UNUSED_FUNCTION = YES;
				GCC_WARN_UNUSED_VARIABLE = YES;
				IPHONEOS_DEPLOYMENT_TARGET = 13.0;
				MTL_ENABLE_DEBUG_INFO = INCLUDE_SOURCE;
				MTL_FAST_MATH = YES;
				ONLY_ACTIVE_ARCH = YES;
				SDKROOT = iphoneos;
				SWIFT_ACTIVE_COMPILATION_CONDITIONS = DEBUG;
				SWIFT_OPTIMIZATION_LEVEL = "-Onone";
			};
			name = Debug;
		};
		DECA259125CC8D4300851431 /* Release */ = {
			isa = XCBuildConfiguration;
			buildSettings = {
				ALWAYS_SEARCH_USER_PATHS = NO;
				CLANG_ANALYZER_NONNULL = YES;
				CLANG_ANALYZER_NUMBER_OBJECT_CONVERSION = YES_AGGRESSIVE;
				CLANG_CXX_LANGUAGE_STANDARD = "gnu++14";
				CLANG_CXX_LIBRARY = "libc++";
				CLANG_ENABLE_MODULES = YES;
				CLANG_ENABLE_OBJC_ARC = YES;
				CLANG_ENABLE_OBJC_WEAK = YES;
				CLANG_WARN_BLOCK_CAPTURE_AUTORELEASING = YES;
				CLANG_WARN_BOOL_CONVERSION = YES;
				CLANG_WARN_COMMA = YES;
				CLANG_WARN_CONSTANT_CONVERSION = YES;
				CLANG_WARN_DEPRECATED_OBJC_IMPLEMENTATIONS = YES;
				CLANG_WARN_DIRECT_OBJC_ISA_USAGE = YES_ERROR;
				CLANG_WARN_DOCUMENTATION_COMMENTS = YES;
				CLANG_WARN_EMPTY_BODY = YES;
				CLANG_WARN_ENUM_CONVERSION = YES;
				CLANG_WARN_INFINITE_RECURSION = YES;
				CLANG_WARN_INT_CONVERSION = YES;
				CLANG_WARN_NON_LITERAL_NULL_CONVERSION = YES;
				CLANG_WARN_OBJC_IMPLICIT_RETAIN_SELF = YES;
				CLANG_WARN_OBJC_LITERAL_CONVERSION = YES;
				CLANG_WARN_OBJC_ROOT_CLASS = YES_ERROR;
				CLANG_WARN_QUOTED_INCLUDE_IN_FRAMEWORK_HEADER = YES;
				CLANG_WARN_RANGE_LOOP_ANALYSIS = YES;
				CLANG_WARN_STRICT_PROTOTYPES = YES;
				CLANG_WARN_SUSPICIOUS_MOVE = YES;
				CLANG_WARN_UNGUARDED_AVAILABILITY = YES_AGGRESSIVE;
				CLANG_WARN_UNREACHABLE_CODE = YES;
				CLANG_WARN__DUPLICATE_METHOD_MATCH = YES;
				COPY_PHASE_STRIP = NO;
				DEBUG_INFORMATION_FORMAT = "dwarf-with-dsym";
				ENABLE_NS_ASSERTIONS = NO;
				ENABLE_STRICT_OBJC_MSGSEND = YES;
				GCC_C_LANGUAGE_STANDARD = gnu11;
				GCC_NO_COMMON_BLOCKS = YES;
				GCC_WARN_64_TO_32_BIT_CONVERSION = YES;
				GCC_WARN_ABOUT_RETURN_TYPE = YES_ERROR;
				GCC_WARN_UNDECLARED_SELECTOR = YES;
				GCC_WARN_UNINITIALIZED_AUTOS = YES_AGGRESSIVE;
				GCC_WARN_UNUSED_FUNCTION = YES;
				GCC_WARN_UNUSED_VARIABLE = YES;
				IPHONEOS_DEPLOYMENT_TARGET = 13.0;
				MTL_ENABLE_DEBUG_INFO = NO;
				MTL_FAST_MATH = YES;
				SDKROOT = iphoneos;
				SWIFT_COMPILATION_MODE = wholemodule;
				SWIFT_OPTIMIZATION_LEVEL = "-O";
				VALIDATE_PRODUCT = YES;
			};
			name = Release;
		};
		DECA259325CC8D4300851431 /* Debug */ = {
			isa = XCBuildConfiguration;
			buildSettings = {
				ASSETCATALOG_COMPILER_APPICON_NAME = AppIcon;
				ASSETCATALOG_COMPILER_GLOBAL_ACCENT_COLOR_NAME = AccentColor;
				CLANG_ENABLE_MODULES = YES;
				CODE_SIGN_STYLE = Automatic;
				INFOPLIST_FILE = Counters/Config/Info.plist;
				LD_RUNPATH_SEARCH_PATHS = (
					"$(inherited)",
					"@executable_path/Frameworks",
				);
				PRODUCT_BUNDLE_IDENTIFIER = com.cornershop.Counters;
				PRODUCT_NAME = "$(TARGET_NAME)";
				SWIFT_OBJC_BRIDGING_HEADER = "${PROJECT_DIR}/Counters/Config/Counters-Bridging-Header.h";
				SWIFT_OPTIMIZATION_LEVEL = "-Onone";
				SWIFT_VERSION = 5.0;
				TARGETED_DEVICE_FAMILY = "1,2";
			};
			name = Debug;
		};
		DECA259425CC8D4300851431 /* Release */ = {
			isa = XCBuildConfiguration;
			buildSettings = {
				ASSETCATALOG_COMPILER_APPICON_NAME = AppIcon;
				ASSETCATALOG_COMPILER_GLOBAL_ACCENT_COLOR_NAME = AccentColor;
				CLANG_ENABLE_MODULES = YES;
				CODE_SIGN_STYLE = Automatic;
				INFOPLIST_FILE = Counters/Config/Info.plist;
				LD_RUNPATH_SEARCH_PATHS = (
					"$(inherited)",
					"@executable_path/Frameworks",
				);
				PRODUCT_BUNDLE_IDENTIFIER = com.cornershop.Counters;
				PRODUCT_NAME = "$(TARGET_NAME)";
				SWIFT_OBJC_BRIDGING_HEADER = "${PROJECT_DIR}/Counters/Config/Counters-Bridging-Header.h";
				SWIFT_VERSION = 5.0;
				TARGETED_DEVICE_FAMILY = "1,2";
			};
			name = Release;
		};
		DECA259625CC8D4300851431 /* Debug */ = {
			isa = XCBuildConfiguration;
			buildSettings = {
				ALWAYS_EMBED_SWIFT_STANDARD_LIBRARIES = YES;
				BUNDLE_LOADER = "$(TEST_HOST)";
				CLANG_ENABLE_MODULES = YES;
				CODE_SIGN_STYLE = Automatic;
				INFOPLIST_FILE = CountersTests/Info.plist;
				IPHONEOS_DEPLOYMENT_TARGET = 14.4;
				LD_RUNPATH_SEARCH_PATHS = (
					"$(inherited)",
					"@executable_path/Frameworks",
					"@loader_path/Frameworks",
				);
				PRODUCT_BUNDLE_IDENTIFIER = com.cornershop.CountersTests;
				PRODUCT_NAME = "$(TARGET_NAME)";
				SWIFT_OBJC_BRIDGING_HEADER = "${PROJECT_DIR}/CountersTests/CountersTests-Bridging-Header.h";
				SWIFT_OPTIMIZATION_LEVEL = "-Onone";
				SWIFT_VERSION = 5.0;
				TARGETED_DEVICE_FAMILY = "1,2";
				TEST_HOST = "$(BUILT_PRODUCTS_DIR)/Counters.app/Counters";
			};
			name = Debug;
		};
		DECA259725CC8D4300851431 /* Release */ = {
			isa = XCBuildConfiguration;
			buildSettings = {
				ALWAYS_EMBED_SWIFT_STANDARD_LIBRARIES = YES;
				BUNDLE_LOADER = "$(TEST_HOST)";
				CLANG_ENABLE_MODULES = YES;
				CODE_SIGN_STYLE = Automatic;
				INFOPLIST_FILE = CountersTests/Info.plist;
				IPHONEOS_DEPLOYMENT_TARGET = 14.4;
				LD_RUNPATH_SEARCH_PATHS = (
					"$(inherited)",
					"@executable_path/Frameworks",
					"@loader_path/Frameworks",
				);
				PRODUCT_BUNDLE_IDENTIFIER = com.cornershop.CountersTests;
				PRODUCT_NAME = "$(TARGET_NAME)";
				SWIFT_OBJC_BRIDGING_HEADER = "${PROJECT_DIR}/CountersTests/CountersTests-Bridging-Header.h";
				SWIFT_VERSION = 5.0;
				TARGETED_DEVICE_FAMILY = "1,2";
				TEST_HOST = "$(BUILT_PRODUCTS_DIR)/Counters.app/Counters";
			};
			name = Release;
		};
/* End XCBuildConfiguration section */

/* Begin XCConfigurationList section */
		DECA256325CC8D4200851431 /* Build configuration list for PBXProject "Counters" */ = {
			isa = XCConfigurationList;
			buildConfigurations = (
				DECA259025CC8D4300851431 /* Debug */,
				DECA259125CC8D4300851431 /* Release */,
			);
			defaultConfigurationIsVisible = 0;
			defaultConfigurationName = Release;
		};
		DECA259225CC8D4300851431 /* Build configuration list for PBXNativeTarget "Counters" */ = {
			isa = XCConfigurationList;
			buildConfigurations = (
				DECA259325CC8D4300851431 /* Debug */,
				DECA259425CC8D4300851431 /* Release */,
			);
			defaultConfigurationIsVisible = 0;
			defaultConfigurationName = Release;
		};
		DECA259525CC8D4300851431 /* Build configuration list for PBXNativeTarget "CountersTests" */ = {
			isa = XCConfigurationList;
			buildConfigurations = (
				DECA259625CC8D4300851431 /* Debug */,
				DECA259725CC8D4300851431 /* Release */,
			);
			defaultConfigurationIsVisible = 0;
			defaultConfigurationName = Release;
		};
/* End XCConfigurationList section */

/* Begin XCVersionGroup section */
		FF0FDF67263A2E1C0007503F /* LocalCache.xcdatamodeld */ = {
			isa = XCVersionGroup;
			children = (
				FF0FDF68263A2E1C0007503F /* LocalCache.xcdatamodel */,
			);
			currentVersion = FF0FDF68263A2E1C0007503F /* LocalCache.xcdatamodel */;
			path = LocalCache.xcdatamodeld;
			sourceTree = "<group>";
			versionGroupType = wrapper.xcdatamodel;
		};
/* End XCVersionGroup section */
	};
	rootObject = DECA256025CC8D4200851431 /* Project object */;
}
